
Microsoft Visual Studio Solution File, Format Version 12.00
# Visual Studio Version 17
VisualStudioVersion = 17.6.33712.159
MinimumVisualStudioVersion = 10.0.40219.1
Project("{FAE04EC0-301F-11D3-BF4B-00C04F79EFBC}") = "WhoisNET", "WhoisNET.csproj", "{0E986EAF-1864-4390-8D57-F057D5FEC871}"
EndProject
Project("{FAE04EC0-301F-11D3-BF4B-00C04F79EFBC}") = "WhoisNetClient", "..\Whois.NET Client\WhoisNetClient.csproj", "{6ACB3018-53CB-4B2B-81AB-B99B64EABC81}"
EndProject
Global
	GlobalSection(SolutionConfigurationPlatforms) = preSolution
		Debug|Any CPU = Debug|Any CPU
		Release|Any CPU = Release|Any CPU
	EndGlobalSection
	GlobalSection(ProjectConfigurationPlatforms) = postSolution
		{0E986EAF-1864-4390-8D57-F057D5FEC871}.Debug|Any CPU.ActiveCfg = Debug|Any CPU
		{0E986EAF-1864-4390-8D57-F057D5FEC871}.Debug|Any CPU.Build.0 = Debug|Any CPU
		{0E986EAF-1864-4390-8D57-F057D5FEC871}.Release|Any CPU.ActiveCfg = Release|Any CPU
		{0E986EAF-1864-4390-8D57-F057D5FEC871}.Release|Any CPU.Build.0 = Release|Any CPU
		{6ACB3018-53CB-4B2B-81AB-B99B64EABC81}.Debug|Any CPU.ActiveCfg = Debug|Any CPU
		{6ACB3018-53CB-4B2B-81AB-B99B64EABC81}.Debug|Any CPU.Build.0 = Debug|Any CPU
		{6ACB3018-53CB-4B2B-81AB-B99B64EABC81}.Release|Any CPU.ActiveCfg = Release|Any CPU
		{6ACB3018-53CB-4B2B-81AB-B99B64EABC81}.Release|Any CPU.Build.0 = Release|Any CPU
	EndGlobalSection
	GlobalSection(SolutionProperties) = preSolution
		HideSolutionNode = FALSE
	EndGlobalSection
	GlobalSection(ExtensibilityGlobals) = postSolution
		SolutionGuid = {EFF58683-8D83-4131-B8D4-10B4E80F7D0D}
	EndGlobalSection
EndGlobal
