
Microsoft Visual Studio Solution File, Format Version 12.00
# Visual Studio Version 17
VisualStudioVersion = 17.10.35013.160
MinimumVisualStudioVersion = 10.0.40219.1
Project("{9A19103F-16F7-4668-BE54-9A1E7A4F7556}") = "WhoisNET", "WhoisNET.csproj", "{0D1E39E9-C36B-4E11-8F99-90A85F4F09C3}"
EndProject
Project("{FAE04EC0-301F-11D3-BF4B-00C04F79EFBC}") = "WhoisNET.Client", "..\WhoisNET.Client\WhoisNET.Client.csproj", "{66942F46-9CC0-483F-A517-AC6AAE4094C4}"
EndProject
Global
	GlobalSection(SolutionConfigurationPlatforms) = preSolution
		Debug|Any CPU = Debug|Any CPU
		Release|Any CPU = Release|Any CPU
	EndGlobalSection
	GlobalSection(ProjectConfigurationPlatforms) = postSolution
		{0D1E39E9-C36B-4E11-8F99-90A85F4F09C3}.Debug|Any CPU.ActiveCfg = Debug|Any CPU
		{0D1E39E9-C36B-4E11-8F99-90A85F4F09C3}.Debug|Any CPU.Build.0 = Debug|Any CPU
		{0D1E39E9-C36B-4E11-8F99-90A85F4F09C3}.Release|Any CPU.ActiveCfg = Release|Any CPU
		{0D1E39E9-C36B-4E11-8F99-90A85F4F09C3}.Release|Any CPU.Build.0 = Release|Any CPU
		{66942F46-9CC0-483F-A517-AC6AAE4094C4}.Debug|Any CPU.ActiveCfg = Debug|Any CPU
		{66942F46-9CC0-483F-A517-AC6AAE4094C4}.Debug|Any CPU.Build.0 = Debug|Any CPU
		{66942F46-9CC0-483F-A517-AC6AAE4094C4}.Release|Any CPU.ActiveCfg = Release|Any CPU
		{66942F46-9CC0-483F-A517-AC6AAE4094C4}.Release|Any CPU.Build.0 = Release|Any CPU
	EndGlobalSection
	GlobalSection(SolutionProperties) = preSolution
		HideSolutionNode = FALSE
	EndGlobalSection
	GlobalSection(ExtensibilityGlobals) = postSolution
		SolutionGuid = {E997D22B-5949-412D-98B9-61A408D7393C}
	EndGlobalSection
EndGlobal
